
Microsoft Visual Studio Solution File, Format Version 12.00
# Visual Studio 15
Project("{FAE04EC0-301F-11D3-BF4B-00C04F79EFBC}") = "Assembly-CSharp", "Assembly-CSharp.csproj", "{77CA7A3C-1071-6722-3D3B-E0CE55327569}"
EndProject
Project("{FAE04EC0-301F-11D3-BF4B-00C04F79EFBC}") = "Assembly-CSharp-Editor", "Assembly-CSharp-Editor.csproj", "{77F8BEEE-2476-701A-A7A2-8E0B5782CDF0}"
EndProject
Global
	GlobalSection(SolutionConfigurationPlatforms) = preSolution
		Debug|Any CPU = Debug|Any CPU
		Release|Any CPU = Release|Any CPU
	EndGlobalSection
	GlobalSection(ProjectConfigurationPlatforms) = postSolution
		{77CA7A3C-1071-6722-3D3B-E0CE55327569}.Debug|Any CPU.ActiveCfg = Debug|Any CPU
		{77CA7A3C-1071-6722-3D3B-E0CE55327569}.Debug|Any CPU.Build.0 = Debug|Any CPU
		{77CA7A3C-1071-6722-3D3B-E0CE55327569}.Release|Any CPU.ActiveCfg = Release|Any CPU
		{77CA7A3C-1071-6722-3D3B-E0CE55327569}.Release|Any CPU.Build.0 = Release|Any CPU
		{77F8BEEE-2476-701A-A7A2-8E0B5782CDF0}.Debug|Any CPU.ActiveCfg = Debug|Any CPU
		{77F8BEEE-2476-701A-A7A2-8E0B5782CDF0}.Debug|Any CPU.Build.0 = Debug|Any CPU
		{77F8BEEE-2476-701A-A7A2-8E0B5782CDF0}.Release|Any CPU.ActiveCfg = Release|Any CPU
		{77F8BEEE-2476-701A-A7A2-8E0B5782CDF0}.Release|Any CPU.Build.0 = Release|Any CPU
	EndGlobalSection
	GlobalSection(SolutionProperties) = preSolution
		HideSolutionNode = FALSE
	EndGlobalSection
EndGlobal
